// !$*UTF8*$!
{
	archiveVersion = 1;
	classes = {
	};
	objectVersion = 77;
	objects = {

/* Begin PBXBuildFile section */
		B44EAA3C2F7D6FC800171281 /* FirebaseAI in Frameworks */ = {isa = PBXBuildFile; productRef = B44EAA3B2F7D6FC800171281 /* FirebaseAI */; };
		B44EAA3E2F7D6FC800171281 /* FirebaseAILogic in Frameworks */ = {isa = PBXBuildFile; productRef = B44EAA3D2F7D6FC800171281 /* FirebaseAILogic */; };
		B44EAA402F7D6FC800171281 /* FirebaseAnalytics in Frameworks */ = {isa = PBXBuildFile; productRef = B44EAA3F2F7D6FC800171281 /* FirebaseAnalytics */; };
		B44EAA422F7D6FC800171281 /* FirebaseAnalyticsCore in Frameworks */ = {isa = PBXBuildFile; productRef = B44EAA412F7D6FC800171281 /* FirebaseAnalyticsCore */; };
		B44EAA442F7D6FC800171281 /* FirebaseAnalyticsIdentitySupport in Frameworks */ = {isa = PBXBuildFile; productRef = B44EAA432F7D6FC800171281 /* FirebaseAnalyticsIdentitySupport */; };
		B44EAA462F7D6FC800171281 /* FirebaseAppCheck in Frameworks */ = {isa = PBXBuildFile; productRef = B44EAA452F7D6FC800171281 /* FirebaseAppCheck */; };
		B44EAA482F7D6FC800171281 /* FirebaseAppDistribution-Beta in Frameworks */ = {isa = PBXBuildFile; productRef = B44EAA472F7D6FC800171281 /* FirebaseAppDistribution-Beta */; };
		B44EAA4A2F7D6FC800171281 /* FirebaseAuth in Frameworks */ = {isa = PBXBuildFile; productRef = B44EAA492F7D6FC800171281 /* FirebaseAuth */; };
		B44EAA4C2F7D6FC800171281 /* FirebaseAuthCombine-Community in Frameworks */ = {isa = PBXBuildFile; productRef = B44EAA4B2F7D6FC800171281 /* FirebaseAuthCombine-Community */; };
		B44EAA4E2F7D6FC800171281 /* FirebaseCore in Frameworks */ = {isa = PBXBuildFile; productRef = B44EAA4D2F7D6FC800171281 /* FirebaseCore */; };
		B44EAA502F7D6FC800171281 /* FirebaseCrashlytics in Frameworks */ = {isa = PBXBuildFile; productRef = B44EAA4F2F7D6FC800171281 /* FirebaseCrashlytics */; };
		B44EAA522F7D6FC800171281 /* FirebaseDatabase in Frameworks */ = {isa = PBXBuildFile; productRef = B44EAA512F7D6FC800171281 /* FirebaseDatabase */; };
		B44EAA542F7D6FC800171281 /* FirebaseFirestore in Frameworks */ = {isa = PBXBuildFile; productRef = B44EAA532F7D6FC800171281 /* FirebaseFirestore */; };
		B44EAA562F7D6FC800171281 /* FirebaseFirestoreCombine-Community in Frameworks */ = {isa = PBXBuildFile; productRef = B44EAA552F7D6FC800171281 /* FirebaseFirestoreCombine-Community */; };
		B44EAA582F7D6FC800171281 /* FirebaseFunctions in Frameworks */ = {isa = PBXBuildFile; productRef = B44EAA572F7D6FC800171281 /* FirebaseFunctions */; };
		B44EAA5A2F7D6FC800171281 /* FirebaseInAppMessaging-Beta in Frameworks */ = {isa = PBXBuildFile; productRef = B44EAA592F7D6FC800171281 /* FirebaseInAppMessaging-Beta */; };
		B44EAA5C2F7D6FC800171281 /* FirebaseInstallations in Frameworks */ = {isa = PBXBuildFile; productRef = B44EAA5B2F7D6FC800171281 /* FirebaseInstallations */; };
		B44EAA5E2F7D6FC800171281 /* FirebaseMLModelDownloader in Frameworks */ = {isa = PBXBuildFile; productRef = B44EAA5D2F7D6FC800171281 /* FirebaseMLModelDownloader */; };
		B44EAA602F7D6FC800171281 /* FirebaseMessaging in Frameworks */ = {isa = PBXBuildFile; productRef = B44EAA5F2F7D6FC800171281 /* FirebaseMessaging */; };
		B44EAA622F7D6FC800171281 /* FirebasePerformance in Frameworks */ = {isa = PBXBuildFile; productRef = B44EAA612F7D6FC800171281 /* FirebasePerformance */; };
		B44EAA642F7D6FC800171281 /* FirebaseRemoteConfig in Frameworks */ = {isa = PBXBuildFile; productRef = B44EAA632F7D6FC800171281 /* FirebaseRemoteConfig */; };
		B44EAA662F7D6FC800171281 /* FirebaseStorage in Frameworks */ = {isa = PBXBuildFile; productRef = B44EAA652F7D6FC800171281 /* FirebaseStorage */; };
		B44EAA682F7D6FC800171281 /* FirebaseStorageCombine-Community in Frameworks */ = {isa = PBXBuildFile; productRef = B44EAA672F7D6FC800171281 /* FirebaseStorageCombine-Community */; };
		C0D300010000000000000001 /* GoogleMobileAds in Frameworks */ = {isa = PBXBuildFile; productRef = C0D300020000000000000001 /* GoogleMobileAds */; };
/* End PBXBuildFile section */

/* Begin PBXFileReference section */
		B4F12D7F2F79A2D1001D1500 /* Zambia Job Alerts.app */ = {isa = PBXFileReference; explicitFileType = wrapper.application; includeInIndex = 0; path = "Zambia Job Alerts.app"; sourceTree = BUILT_PRODUCTS_DIR; };
/* End PBXFileReference section */

/* Begin PBXFileSystemSynchronizedGroupBuildPhaseMembershipExceptionSet section */
		B4ADF7212F8024C40059A533 /* Exceptions for "Zambia Job Alerts" folder in "Compile Sources" phase from "Zambia Job Alerts" target */ = {
			isa = PBXFileSystemSynchronizedGroupBuildPhaseMembershipExceptionSet;
			buildPhase = B4F12D7B2F79A2D1001D1500 /* Sources */;
			membershipExceptions = (
				Assets.xcassets,
				"GoogleService-Info.plist",
			);
		};
/* End PBXFileSystemSynchronizedGroupBuildPhaseMembershipExceptionSet section */

/* Begin PBXFileSystemSynchronizedRootGroup section */
		B4F12D812F79A2D1001D1500 /* Zambia Job Alerts */ = {
			isa = PBXFileSystemSynchronizedRootGroup;
			exceptions = (
				B4ADF7212F8024C40059A533 /* Exceptions for "Zambia Job Alerts" folder in "Compile Sources" phase from "Zambia Job Alerts" target */,
			);
			path = "Zambia Job Alerts";
			sourceTree = "<group>";
		};
		B4F12D942F79A2D2001D1500 /* Zambia Job AlertsTests */ = {
			isa = PBXFileSystemSynchronizedRootGroup;
			path = "Zambia Job AlertsTests";
			sourceTree = "<group>";
		};
		B4F12D9E2F79A2D2001D1500 /* Zambia Job AlertsUITests */ = {
			isa = PBXFileSystemSynchronizedRootGroup;
			path = "Zambia Job AlertsUITests";
			sourceTree = "<group>";
		};
/* End PBXFileSystemSynchronizedRootGroup section */

/* Begin PBXFrameworksBuildPhase section */
		B4F12D7C2F79A2D1001D1500 /* Frameworks */ = {
			isa = PBXFrameworksBuildPhase;
			buildActionMask = 2147483647;
			files = (
				C0D300010000000000000001 /* GoogleMobileAds in Frameworks */,
				B44EAA442F7D6FC800171281 /* FirebaseAnalyticsIdentitySupport in Frameworks */,
				B44EAA522F7D6FC800171281 /* FirebaseDatabase in Frameworks */,
				B44EAA5C2F7D6FC800171281 /* FirebaseInstallations in Frameworks */,
				B44EAA482F7D6FC800171281 /* FirebaseAppDistribution-Beta in Frameworks */,
				B44EAA662F7D6FC800171281 /* FirebaseStorage in Frameworks */,
				B44EAA422F7D6FC800171281 /* FirebaseAnalyticsCore in Frameworks */,
				B44EAA5A2F7D6FC800171281 /* FirebaseInAppMessaging-Beta in Frameworks */,
				B44EAA562F7D6FC800171281 /* FirebaseFirestoreCombine-Community in Frameworks */,
				B44EAA4C2F7D6FC800171281 /* FirebaseAuthCombine-Community in Frameworks */,
				B44EAA682F7D6FC800171281 /* FirebaseStorageCombine-Community in Frameworks */,
				B44EAA502F7D6FC800171281 /* FirebaseCrashlytics in Frameworks */,
				B44EAA402F7D6FC800171281 /* FirebaseAnalytics in Frameworks */,
				B44EAA602F7D6FC800171281 /* FirebaseMessaging in Frameworks */,
				B44EAA642F7D6FC800171281 /* FirebaseRemoteConfig in Frameworks */,
				B44EAA622F7D6FC800171281 /* FirebasePerformance in Frameworks */,
				B44EAA4E2F7D6FC800171281 /* FirebaseCore in Frameworks */,
				B44EAA462F7D6FC800171281 /* FirebaseAppCheck in Frameworks */,
				B44EAA542F7D6FC800171281 /* FirebaseFirestore in Frameworks */,
				B44EAA582F7D6FC800171281 /* FirebaseFunctions in Frameworks */,
				B44EAA4A2F7D6FC800171281 /* FirebaseAuth in Frameworks */,
				B44EAA3E2F7D6FC800171281 /* FirebaseAILogic in Frameworks */,
				B44EAA3C2F7D6FC800171281 /* FirebaseAI in Frameworks */,
				B44EAA5E2F7D6FC800171281 /* FirebaseMLModelDownloader in Frameworks */,
			);
			runOnlyForDeploymentPostprocessing = 0;
		};
/* End PBXFrameworksBuildPhase section */

/* Begin PBXGroup section */
		B4F12D762F79A2D1001D1500 = {
			isa = PBXGroup;
			children = (
				B4F12D812F79A2D1001D1500 /* Zambia Job Alerts */,
				B4F12D942F79A2D2001D1500 /* Zambia Job AlertsTests */,
				B4F12D9E2F79A2D2001D1500 /* Zambia Job AlertsUITests */,
				B4F12D802F79A2D1001D1500 /* Products */,
			);
			sourceTree = "<group>";
		};
		B4F12D802F79A2D1001D1500 /* Products */ = {
			isa = PBXGroup;
			children = (
				B4F12D7F2F79A2D1001D1500 /* Zambia Job Alerts.app */,
			);
			name = Products;
			sourceTree = "<group>";
		};
/* End PBXGroup section */

/* Begin PBXNativeTarget section */
		B4F12D7E2F79A2D1001D1500 /* Zambia Job Alerts */ = {
			isa = PBXNativeTarget;
			buildConfigurationList = B4F12DA52F79A2D2001D1500 /* Build configuration list for PBXNativeTarget "Zambia Job Alerts" */;
			buildPhases = (
				B4F12D7B2F79A2D1001D1500 /* Sources */,
				B4F12D7C2F79A2D1001D1500 /* Frameworks */,
			);
			buildRules = (
			);
			dependencies = (
			);
			fileSystemSynchronizedGroups = (
				B4F12D812F79A2D1001D1500 /* Zambia Job Alerts */,
			);
			name = "Zambia Job Alerts";
			packageProductDependencies = (
				C0D300020000000000000001 /* GoogleMobileAds */,
				B44EAA3B2F7D6FC800171281 /* FirebaseAI */,
				B44EAA3D2F7D6FC800171281 /* FirebaseAILogic */,
				B44EAA3F2F7D6FC800171281 /* FirebaseAnalytics */,
				B44EAA412F7D6FC800171281 /* FirebaseAnalyticsCore */,
				B44EAA432F7D6FC800171281 /* FirebaseAnalyticsIdentitySupport */,
				B44EAA452F7D6FC800171281 /* FirebaseAppCheck */,
				B44EAA472F7D6FC800171281 /* FirebaseAppDistribution-Beta */,
				B44EAA492F7D6FC800171281 /* FirebaseAuth */,
				B44EAA4B2F7D6FC800171281 /* FirebaseAuthCombine-Community */,
				B44EAA4D2F7D6FC800171281 /* FirebaseCore */,
				B44EAA4F2F7D6FC800171281 /* FirebaseCrashlytics */,
				B44EAA512F7D6FC800171281 /* FirebaseDatabase */,
				B44EAA532F7D6FC800171281 /* FirebaseFirestore */,
				B44EAA552F7D6FC800171281 /* FirebaseFirestoreCombine-Community */,
				B44EAA572F7D6FC800171281 /* FirebaseFunctions */,
				B44EAA592F7D6FC800171281 /* FirebaseInAppMessaging-Beta */,
				B44EAA5B2F7D6FC800171281 /* FirebaseInstallations */,
				B44EAA5D2F7D6FC800171281 /* FirebaseMLModelDownloader */,
				B44EAA5F2F7D6FC800171281 /* FirebaseMessaging */,
				B44EAA612F7D6FC800171281 /* FirebasePerformance */,
				B44EAA632F7D6FC800171281 /* FirebaseRemoteConfig */,
				B44EAA652F7D6FC800171281 /* FirebaseStorage */,
				B44EAA672F7D6FC800171281 /* FirebaseStorageCombine-Community */,
			);
			productName = "Zambia Job Alerts";
			productReference = B4F12D7F2F79A2D1001D1500 /* Zambia Job Alerts.app */;
			productType = "com.apple.product-type.application";
		};
/* End PBXNativeTarget section */

/* Begin PBXProject section */
		B4F12D772F79A2D1001D1500 /* Project object */ = {
			isa = PBXProject;
			attributes = {
				BuildIndependentTargetsInParallel = 1;
				LastSwiftUpdateCheck = 2640;
				LastUpgradeCheck = 2640;
				TargetAttributes = {
					B4F12D7E2F79A2D1001D1500 = {
						CreatedOnToolsVersion = 26.4;
					};
				};
			};
			buildConfigurationList = B4F12D7A2F79A2D1001D1500 /* Build configuration list for PBXProject "Zambia Job Alerts" */;
			developmentRegion = en;
			hasScannedForEncodings = 0;
			knownRegions = (
				en,
				Base,
			);
			mainGroup = B4F12D762F79A2D1001D1500;
			minimizedProjectReferenceProxies = 1;
			packageReferences = (
				C0D300030000000000000001 /* XCRemoteSwiftPackageReference "swift-package-manager-google-mobile-ads" */,
				B44EAA3A2F7D6FC800171281 /* XCRemoteSwiftPackageReference "firebase-ios-sdk" */,
			);
			preferredProjectObjectVersion = 77;
			productRefGroup = B4F12D802F79A2D1001D1500 /* Products */;
			projectDirPath = "";
			projectRoot = "";
			targets = (
				B4F12D7E2F79A2D1001D1500 /* Zambia Job Alerts */,
			);
		};
/* End PBXProject section */

/* Begin PBXSourcesBuildPhase section */
		B4F12D7B2F79A2D1001D1500 /* Sources */ = {
			isa = PBXSourcesBuildPhase;
			buildActionMask = 2147483647;
			files = (
			);
			runOnlyForDeploymentPostprocessing = 0;
		};
/* End PBXSourcesBuildPhase section */

/* Begin XCBuildConfiguration section */
		B4F12DA32F79A2D2001D1500 /* Debug */ = {
			isa = XCBuildConfiguration;
			buildSettings = {
				ALWAYS_SEARCH_USER_PATHS = NO;
				ASSETCATALOG_COMPILER_GENERATE_SWIFT_ASSET_SYMBOL_EXTENSIONS = YES;
				CLANG_ANALYZER_NONNULL = YES;
				CLANG_ANALYZER_NUMBER_OBJECT_CONVERSION = YES_AGGRESSIVE;
				CLANG_CXX_LANGUAGE_STANDARD = "gnu++20";
				CLANG_ENABLE_MODULES = YES;
				CLANG_ENABLE_OBJC_ARC = YES;
				CLANG_ENABLE_OBJC_WEAK = YES;
				CLANG_WARN_BLOCK_CAPTURE_AUTORELEASING = YES;
				CLANG_WARN_BOOL_CONVERSION = YES;
				CLANG_WARN_COMMA = YES;
				CLANG_WARN_CONSTANT_CONVERSION = YES;
				CLANG_WARN_DEPRECATED_OBJC_IMPLEMENTATIONS = YES;
				CLANG_WARN_DIRECT_OBJC_ISA_USAGE = YES_ERROR;
				CLANG_WARN_DOCUMENTATION_COMMENTS = YES;
				CLANG_WARN_EMPTY_BODY = YES;
				CLANG_WARN_ENUM_CONVERSION = YES;
				CLANG_WARN_INFINITE_RECURSION = YES;
				CLANG_WARN_INT_CONVERSION = YES;
				CLANG_WARN_NON_LITERAL_NULL_CONVERSION = YES;
				CLANG_WARN_OBJC_IMPLICIT_RETAIN_SELF = YES;
				CLANG_WARN_OBJC_LITERAL_CONVERSION = YES;
				CLANG_WARN_OBJC_ROOT_CLASS = YES_ERROR;
				CLANG_WARN_QUOTED_INCLUDE_IN_FRAMEWORK_HEADER = YES;
				CLANG_WARN_RANGE_LOOP_ANALYSIS = YES;
				CLANG_WARN_STRICT_PROTOTYPES = YES;
				CLANG_WARN_SUSPICIOUS_MOVE = YES;
				CLANG_WARN_UNGUARDED_AVAILABILITY = YES_AGGRESSIVE;
				CLANG_WARN_UNREACHABLE_CODE = YES;
				CLANG_WARN__DUPLICATE_METHOD_MATCH = YES;
				COPY_PHASE_STRIP = NO;
				DEBUG_INFORMATION_FORMAT = dwarf;
				DEVELOPMENT_TEAM = 6QYW7YGATJ;
				ENABLE_STRICT_OBJC_MSGSEND = YES;
				ENABLE_TESTABILITY = YES;
				ENABLE_USER_SCRIPT_SANDBOXING = YES;
				GCC_C_LANGUAGE_STANDARD = gnu17;
				GCC_DYNAMIC_NO_PIC = NO;
				GCC_NO_COMMON_BLOCKS = YES;
				GCC_OPTIMIZATION_LEVEL = 0;
				GCC_PREPROCESSOR_DEFINITIONS = (
					"DEBUG=1",
					"$(inherited)",
				);
				GCC_WARN_64_TO_32_BIT_CONVERSION = YES;
				GCC_WARN_ABOUT_RETURN_TYPE = YES_ERROR;
				GCC_WARN_UNDECLARED_SELECTOR = YES;
				GCC_WARN_UNINITIALIZED_AUTOS = YES_AGGRESSIVE;
				GCC_WARN_UNUSED_FUNCTION = YES;
				GCC_WARN_UNUSED_VARIABLE = YES;
				IPHONEOS_DEPLOYMENT_TARGET = 15.6;
				LOCALIZATION_PREFERS_STRING_CATALOGS = YES;
				MTL_ENABLE_DEBUG_INFO = INCLUDE_SOURCE;
				MTL_FAST_MATH = YES;
				ONLY_ACTIVE_ARCH = YES;
				SDKROOT = iphoneos;
				SWIFT_ACTIVE_COMPILATION_CONDITIONS = "DEBUG $(inherited)";
				SWIFT_OPTIMIZATION_LEVEL = "-Onone";
			};
			name = Debug;
		};
		B4F12DA42F79A2D2001D1500 /* Release */ = {
			isa = XCBuildConfiguration;
			buildSettings = {
				ALWAYS_SEARCH_USER_PATHS = NO;
				ASSETCATALOG_COMPILER_GENERATE_SWIFT_ASSET_SYMBOL_EXTENSIONS = YES;
				CLANG_ANALYZER_NONNULL = YES;
				CLANG_ANALYZER_NUMBER_OBJECT_CONVERSION = YES_AGGRESSIVE;
				CLANG_CXX_LANGUAGE_STANDARD = "gnu++20";
				CLANG_ENABLE_MODULES = YES;
				CLANG_ENABLE_OBJC_ARC = YES;
				CLANG_ENABLE_OBJC_WEAK = YES;
				CLANG_WARN_BLOCK_CAPTURE_AUTORELEASING = YES;
				CLANG_WARN_BOOL_CONVERSION = YES;
				CLANG_WARN_COMMA = YES;
				CLANG_WARN_CONSTANT_CONVERSION = YES;
				CLANG_WARN_DEPRECATED_OBJC_IMPLEMENTATIONS = YES;
				CLANG_WARN_DIRECT_OBJC_ISA_USAGE = YES_ERROR;
				CLANG_WARN_DOCUMENTATION_COMMENTS = YES;
				CLANG_WARN_EMPTY_BODY = YES;
				CLANG_WARN_ENUM_CONVERSION = YES;
				CLANG_WARN_INFINITE_RECURSION = YES;
				CLANG_WARN_INT_CONVERSION = YES;
				CLANG_WARN_NON_LITERAL_NULL_CONVERSION = YES;
				CLANG_WARN_OBJC_IMPLICIT_RETAIN_SELF = YES;
				CLANG_WARN_OBJC_LITERAL_CONVERSION = YES;
				CLANG_WARN_OBJC_ROOT_CLASS = YES_ERROR;
				CLANG_WARN_QUOTED_INCLUDE_IN_FRAMEWORK_HEADER = YES;
				CLANG_WARN_RANGE_LOOP_ANALYSIS = YES;
				CLANG_WARN_STRICT_PROTOTYPES = YES;
				CLANG_WARN_SUSPICIOUS_MOVE = YES;
				CLANG_WARN_UNGUARDED_AVAILABILITY = YES_AGGRESSIVE;
				CLANG_WARN_UNREACHABLE_CODE = YES;
				CLANG_WARN__DUPLICATE_METHOD_MATCH = YES;
				COPY_PHASE_STRIP = NO;
				DEBUG_INFORMATION_FORMAT = "dwarf-with-dsym";
				DEVELOPMENT_TEAM = 6QYW7YGATJ;
				ENABLE_NS_ASSERTIONS = NO;
				ENABLE_STRICT_OBJC_MSGSEND = YES;
				ENABLE_USER_SCRIPT_SANDBOXING = YES;
				GCC_C_LANGUAGE_STANDARD = gnu17;
				GCC_NO_COMMON_BLOCKS = YES;
				GCC_WARN_64_TO_32_BIT_CONVERSION = YES;
				GCC_WARN_ABOUT_RETURN_TYPE = YES_ERROR;
				GCC_WARN_UNDECLARED_SELECTOR = YES;
				GCC_WARN_UNINITIALIZED_AUTOS = YES_AGGRESSIVE;
				GCC_WARN_UNUSED_FUNCTION = YES;
				GCC_WARN_UNUSED_VARIABLE = YES;
				IPHONEOS_DEPLOYMENT_TARGET = 15.6;
				LOCALIZATION_PREFERS_STRING_CATALOGS = YES;
				MTL_ENABLE_DEBUG_INFO = NO;
				MTL_FAST_MATH = YES;
				SDKROOT = iphoneos;
				SWIFT_COMPILATION_MODE = wholemodule;
				VALIDATE_PRODUCT = YES;
			};
			name = Release;
		};
		B4F12DA62F79A2D2001D1500 /* Debug */ = {
			isa = XCBuildConfiguration;
			buildSettings = {
				ASSETCATALOG_COMPILER_APPICON_NAME = AppIcon;
				"ASSETCATALOG_COMPILER_APPICON_NAME[sdk=iphoneos*]" = AppIcon;
				ASSETCATALOG_COMPILER_GLOBAL_ACCENT_COLOR_NAME = AccentColor;
				ASSETCATALOG_COMPILER_INCLUDE_ALL_APPICON_ASSETS = YES;
				CODE_SIGN_ENTITLEMENTS = "Zambia Job Alerts/Zambia Job Alerts.entitlements";
				CODE_SIGN_IDENTITY = "Apple Development";
				CODE_SIGN_STYLE = Automatic;
				CURRENT_PROJECT_VERSION = 1;
				DEBUG_INFORMATION_FORMAT = "dwarf-with-dsym";
				DEBUG_INFORMATION_VERSION = dwarf5;
				DEVELOPMENT_TEAM = 6QYW7YGATJ;
				ENABLE_PREVIEWS = YES;
				EXCLUDED_RECURSIVE_SEARCH_PATH_SUBDIRECTORIES = "*.nib *.lproj *.framework *.gch *.xcode* *.xcassets *.icon (*) .DS_Store CVS .svn .git .hg *.pbproj *.pbxproj *.jpeg *.png";
				GENERATE_INFOPLIST_FILE = NO;
				INFOPLIST_FILE = Info.plist;
				INFOPLIST_KEY_CFBundleDisplayName = "Zambia Job Alerts";
				INFOPLIST_KEY_LSApplicationCategoryType = "public.app-category.productivity";
				IPHONEOS_DEPLOYMENT_TARGET = 16.6;
				LD_RUNPATH_SEARCH_PATHS = (
					"$(inherited)",
					"@executable_path/Frameworks",
				);
				MARKETING_VERSION = 1.0;
				PRODUCT_BUNDLE_IDENTIFIER = "com.alphil.networks.Zambia-Job-Alerts";
				PRODUCT_NAME = "$(TARGET_NAME)";
				PROVISIONING_PROFILE_SPECIFIER = "";
				STRING_CATALOG_GENERATE_SYMBOLS = YES;
				SWIFT_APPROACHABLE_CONCURRENCY = YES;
				SWIFT_DEFAULT_ACTOR_ISOLATION = MainActor;
				SWIFT_EMIT_LOC_STRINGS = YES;
				SWIFT_UPCOMING_FEATURE_MEMBER_IMPORT_VISIBILITY = YES;
				SWIFT_VERSION = 5.0;
				TARGETED_DEVICE_FAMILY = "1,2";
			};
			name = Debug;
		};
		B4F12DA72F79A2D2001D1500 /* Release */ = {
			isa = XCBuildConfiguration;
			buildSettings = {
				ASSETCATALOG_COMPILER_APPICON_NAME = AppIcon;
				"ASSETCATALOG_COMPILER_APPICON_NAME[sdk=iphoneos*]" = AppIcon;
				ASSETCATALOG_COMPILER_GLOBAL_ACCENT_COLOR_NAME = AccentColor;
				ASSETCATALOG_COMPILER_INCLUDE_ALL_APPICON_ASSETS = YES;
				CODE_SIGN_ENTITLEMENTS = "Zambia Job Alerts/Zambia Job Alerts.entitlements";
				CODE_SIGN_IDENTITY = "Apple Development";
				CODE_SIGN_STYLE = Automatic;
				CURRENT_PROJECT_VERSION = 1;
				DEBUG_INFORMATION_FORMAT = "dwarf-with-dsym";
				DEBUG_INFORMATION_VERSION = dwarf5;
				DEVELOPMENT_TEAM = 6QYW7YGATJ;
				ENABLE_PREVIEWS = YES;
				EXCLUDED_RECURSIVE_SEARCH_PATH_SUBDIRECTORIES = "*.nib *.lproj *.framework *.gch *.xcode* *.xcassets *.icon (*) .DS_Store CVS .svn .git .hg *.pbproj *.pbxproj *.jpeg *.png";
				GENERATE_INFOPLIST_FILE = NO;
				INFOPLIST_FILE = Info.plist;
				INFOPLIST_KEY_CFBundleDisplayName = "Zambia Job Alerts";
				INFOPLIST_KEY_LSApplicationCategoryType = "public.app-category.productivity";
				IPHONEOS_DEPLOYMENT_TARGET = 16.6;
				LD_RUNPATH_SEARCH_PATHS = (
					"$(inherited)",
					"@executable_path/Frameworks",
				);
				MARKETING_VERSION = 1.0;
				PRODUCT_BUNDLE_IDENTIFIER = "com.alphil.networks.Zambia-Job-Alerts";
				PRODUCT_NAME = "$(TARGET_NAME)";
				PROVISIONING_PROFILE_SPECIFIER = "";
				STRING_CATALOG_GENERATE_SYMBOLS = YES;
				SWIFT_APPROACHABLE_CONCURRENCY = YES;
				SWIFT_DEFAULT_ACTOR_ISOLATION = MainActor;
				SWIFT_EMIT_LOC_STRINGS = YES;
				SWIFT_UPCOMING_FEATURE_MEMBER_IMPORT_VISIBILITY = YES;
				SWIFT_VERSION = 5.0;
				TARGETED_DEVICE_FAMILY = "1,2";
			};
			name = Release;
		};
/* End XCBuildConfiguration section */

/* Begin XCConfigurationList section */
		B4F12D7A2F79A2D1001D1500 /* Build configuration list for PBXProject "Zambia Job Alerts" */ = {
			isa = XCConfigurationList;
			buildConfigurations = (
				B4F12DA32F79A2D2001D1500 /* Debug */,
				B4F12DA42F79A2D2001D1500 /* Release */,
			);
			defaultConfigurationIsVisible = 0;
			defaultConfigurationName = Release;
		};
		B4F12DA52F79A2D2001D1500 /* Build configuration list for PBXNativeTarget "Zambia Job Alerts" */ = {
			isa = XCConfigurationList;
			buildConfigurations = (
				B4F12DA62F79A2D2001D1500 /* Debug */,
				B4F12DA72F79A2D2001D1500 /* Release */,
			);
			defaultConfigurationIsVisible = 0;
			defaultConfigurationName = Release;
		};
/* End XCConfigurationList section */

/* Begin XCRemoteSwiftPackageReference section */
		B44EAA3A2F7D6FC800171281 /* XCRemoteSwiftPackageReference "firebase-ios-sdk" */ = {
			isa = XCRemoteSwiftPackageReference;
			repositoryURL = "https://github.com/firebase/firebase-ios-sdk.git";
			requirement = {
				kind = upToNextMajorVersion;
				minimumVersion = 12.11.0;
			};
		};
		C0D300030000000000000001 /* XCRemoteSwiftPackageReference "swift-package-manager-google-mobile-ads" */ = {
			isa = XCRemoteSwiftPackageReference;
			repositoryURL = "https://github.com/googleads/swift-package-manager-google-mobile-ads.git";
			requirement = {
				kind = upToNextMajorVersion;
				minimumVersion = 12.0.0;
			};
		};
/* End XCRemoteSwiftPackageReference section */

/* Begin XCSwiftPackageProductDependency section */
		B44EAA3B2F7D6FC800171281 /* FirebaseAI */ = {
			isa = XCSwiftPackageProductDependency;
			package = B44EAA3A2F7D6FC800171281 /* XCRemoteSwiftPackageReference "firebase-ios-sdk" */;
			productName = FirebaseAI;
		};
		B44EAA3D2F7D6FC800171281 /* FirebaseAILogic */ = {
			isa = XCSwiftPackageProductDependency;
			package = B44EAA3A2F7D6FC800171281 /* XCRemoteSwiftPackageReference "firebase-ios-sdk" */;
			productName = FirebaseAILogic;
		};
		B44EAA3F2F7D6FC800171281 /* FirebaseAnalytics */ = {
			isa = XCSwiftPackageProductDependency;
			package = B44EAA3A2F7D6FC800171281 /* XCRemoteSwiftPackageReference "firebase-ios-sdk" */;
			productName = FirebaseAnalytics;
		};
		B44EAA412F7D6FC800171281 /* FirebaseAnalyticsCore */ = {
			isa = XCSwiftPackageProductDependency;
			package = B44EAA3A2F7D6FC800171281 /* XCRemoteSwiftPackageReference "firebase-ios-sdk" */;
			productName = FirebaseAnalyticsCore;
		};
		B44EAA432F7D6FC800171281 /* FirebaseAnalyticsIdentitySupport */ = {
			isa = XCSwiftPackageProductDependency;
			package = B44EAA3A2F7D6FC800171281 /* XCRemoteSwiftPackageReference "firebase-ios-sdk" */;
			productName = FirebaseAnalyticsIdentitySupport;
		};
		B44EAA452F7D6FC800171281 /* FirebaseAppCheck */ = {
			isa = XCSwiftPackageProductDependency;
			package = B44EAA3A2F7D6FC800171281 /* XCRemoteSwiftPackageReference "firebase-ios-sdk" */;
			productName = FirebaseAppCheck;
		};
		B44EAA472F7D6FC800171281 /* FirebaseAppDistribution-Beta */ = {
			isa = XCSwiftPackageProductDependency;
			package = B44EAA3A2F7D6FC800171281 /* XCRemoteSwiftPackageReference "firebase-ios-sdk" */;
			productName = "FirebaseAppDistribution-Beta";
		};
		B44EAA492F7D6FC800171281 /* FirebaseAuth */ = {
			isa = XCSwiftPackageProductDependency;
			package = B44EAA3A2F7D6FC800171281 /* XCRemoteSwiftPackageReference "firebase-ios-sdk" */;
			productName = FirebaseAuth;
		};
		B44EAA4B2F7D6FC800171281 /* FirebaseAuthCombine-Community */ = {
			isa = XCSwiftPackageProductDependency;
			package = B44EAA3A2F7D6FC800171281 /* XCRemoteSwiftPackageReference "firebase-ios-sdk" */;
			productName = "FirebaseAuthCombine-Community";
		};
		B44EAA4D2F7D6FC800171281 /* FirebaseCore */ = {
			isa = XCSwiftPackageProductDependency;
			package = B44EAA3A2F7D6FC800171281 /* XCRemoteSwiftPackageReference "firebase-ios-sdk" */;
			productName = FirebaseCore;
		};
		B44EAA4F2F7D6FC800171281 /* FirebaseCrashlytics */ = {
			isa = XCSwiftPackageProductDependency;
			package = B44EAA3A2F7D6FC800171281 /* XCRemoteSwiftPackageReference "firebase-ios-sdk" */;
			productName = FirebaseCrashlytics;
		};
		B44EAA512F7D6FC800171281 /* FirebaseDatabase */ = {
			isa = XCSwiftPackageProductDependency;
			package = B44EAA3A2F7D6FC800171281 /* XCRemoteSwiftPackageReference "firebase-ios-sdk" */;
			productName = FirebaseDatabase;
		};
		B44EAA532F7D6FC800171281 /* FirebaseFirestore */ = {
			isa = XCSwiftPackageProductDependency;
			package = B44EAA3A2F7D6FC800171281 /* XCRemoteSwiftPackageReference "firebase-ios-sdk" */;
			productName = FirebaseFirestore;
		};
		B44EAA552F7D6FC800171281 /* FirebaseFirestoreCombine-Community */ = {
			isa = XCSwiftPackageProductDependency;
			package = B44EAA3A2F7D6FC800171281 /* XCRemoteSwiftPackageReference "firebase-ios-sdk" */;
			productName = "FirebaseFirestoreCombine-Community";
		};
		B44EAA572F7D6FC800171281 /* FirebaseFunctions */ = {
			isa = XCSwiftPackageProductDependency;
			package = B44EAA3A2F7D6FC800171281 /* XCRemoteSwiftPackageReference "firebase-ios-sdk" */;
			productName = FirebaseFunctions;
		};
		B44EAA592F7D6FC800171281 /* FirebaseInAppMessaging-Beta */ = {
			isa = XCSwiftPackageProductDependency;
			package = B44EAA3A2F7D6FC800171281 /* XCRemoteSwiftPackageReference "firebase-ios-sdk" */;
			productName = "FirebaseInAppMessaging-Beta";
		};
		B44EAA5B2F7D6FC800171281 /* FirebaseInstallations */ = {
			isa = XCSwiftPackageProductDependency;
			package = B44EAA3A2F7D6FC800171281 /* XCRemoteSwiftPackageReference "firebase-ios-sdk" */;
			productName = FirebaseInstallations;
		};
		B44EAA5D2F7D6FC800171281 /* FirebaseMLModelDownloader */ = {
			isa = XCSwiftPackageProductDependency;
			package = B44EAA3A2F7D6FC800171281 /* XCRemoteSwiftPackageReference "firebase-ios-sdk" */;
			productName = FirebaseMLModelDownloader;
		};
		B44EAA5F2F7D6FC800171281 /* FirebaseMessaging */ = {
			isa = XCSwiftPackageProductDependency;
			package = B44EAA3A2F7D6FC800171281 /* XCRemoteSwiftPackageReference "firebase-ios-sdk" */;
			productName = FirebaseMessaging;
		};
		B44EAA612F7D6FC800171281 /* FirebasePerformance */ = {
			isa = XCSwiftPackageProductDependency;
			package = B44EAA3A2F7D6FC800171281 /* XCRemoteSwiftPackageReference "firebase-ios-sdk" */;
			productName = FirebasePerformance;
		};
		B44EAA632F7D6FC800171281 /* FirebaseRemoteConfig */ = {
			isa = XCSwiftPackageProductDependency;
			package = B44EAA3A2F7D6FC800171281 /* XCRemoteSwiftPackageReference "firebase-ios-sdk" */;
			productName = FirebaseRemoteConfig;
		};
		B44EAA652F7D6FC800171281 /* FirebaseStorage */ = {
			isa = XCSwiftPackageProductDependency;
			package = B44EAA3A2F7D6FC800171281 /* XCRemoteSwiftPackageReference "firebase-ios-sdk" */;
			productName = FirebaseStorage;
		};
		B44EAA672F7D6FC800171281 /* FirebaseStorageCombine-Community */ = {
			isa = XCSwiftPackageProductDependency;
			package = B44EAA3A2F7D6FC800171281 /* XCRemoteSwiftPackageReference "firebase-ios-sdk" */;
			productName = "FirebaseStorageCombine-Community";
		};
		C0D300020000000000000001 /* GoogleMobileAds */ = {
			isa = XCSwiftPackageProductDependency;
			package = C0D300030000000000000001 /* XCRemoteSwiftPackageReference "swift-package-manager-google-mobile-ads" */;
			productName = GoogleMobileAds;
		};
/* End XCSwiftPackageProductDependency section */
	};
	rootObject = B4F12D772F79A2D1001D1500 /* Project object */;
}
